
Microsoft Visual Studio Solution File, Format Version 12.00
# Visual Studio Version 17
VisualStudioVersion = 17.11.35222.181
MinimumVisualStudioVersion = 10.0.40219.1
Project("{FAE04EC0-301F-11D3-BF4B-00C04F79EFBC}") = "PizzaWebApp", "PizzaWebApp\PizzaWebApp.csproj", "{F78464B5-0D8D-4D13-AF58-627A6F24A47B}"
EndProject
Project("{FAE04EC0-301F-11D3-BF4B-00C04F79EFBC}") = "UnitTestProject", "UnitTestProject\UnitTestProject.csproj", "{32406D97-2CB3-4FA0-A711-3586A610255A}"
EndProject
Global
	GlobalSection(SolutionConfigurationPlatforms) = preSolution
		Debug|Any CPU = Debug|Any CPU
		Release|Any CPU = Release|Any CPU
	EndGlobalSection
	GlobalSection(ProjectConfigurationPlatforms) = postSolution
		{F78464B5-0D8D-4D13-AF58-627A6F24A47B}.Debug|Any CPU.ActiveCfg = Debug|Any CPU
		{F78464B5-0D8D-4D13-AF58-627A6F24A47B}.Debug|Any CPU.Build.0 = Debug|Any CPU
		{F78464B5-0D8D-4D13-AF58-627A6F24A47B}.Release|Any CPU.ActiveCfg = Release|Any CPU
		{F78464B5-0D8D-4D13-AF58-627A6F24A47B}.Release|Any CPU.Build.0 = Release|Any CPU
		{32406D97-2CB3-4FA0-A711-3586A610255A}.Debug|Any CPU.ActiveCfg = Debug|Any CPU
		{32406D97-2CB3-4FA0-A711-3586A610255A}.Debug|Any CPU.Build.0 = Debug|Any CPU
		{32406D97-2CB3-4FA0-A711-3586A610255A}.Release|Any CPU.ActiveCfg = Release|Any CPU
		{32406D97-2CB3-4FA0-A711-3586A610255A}.Release|Any CPU.Build.0 = Release|Any CPU
	EndGlobalSection
	GlobalSection(SolutionProperties) = preSolution
		HideSolutionNode = FALSE
	EndGlobalSection
	GlobalSection(ExtensibilityGlobals) = postSolution
		SolutionGuid = {2D91742B-15ED-4A66-95C0-46DF9B4F3952}
	EndGlobalSection
EndGlobal
